// !$*UTF8*$!
{
	archiveVersion = 1;
	classes = {
	};
	objectVersion = 50;
	objects = {

/* Begin PBXBuildFile section */
		FBE11DCB22639DF700645462 /* MapDreamViewController.swift in Sources */ = {isa = PBXBuildFile; fileRef = FBE11DCA22639DF700645462 /* MapDreamViewController.swift */; };
		FBE11DCE2263A96D00645462 /* CoreLocation.framework in Frameworks */ = {isa = PBXBuildFile; fileRef = FBE11DCD2263A96D00645462 /* CoreLocation.framework */; };
		FBFB71A42263106E00B01352 /* AppDelegate.swift in Sources */ = {isa = PBXBuildFile; fileRef = FBFB71A32263106E00B01352 /* AppDelegate.swift */; };
		FBFB71A62263106E00B01352 /* ViewController.swift in Sources */ = {isa = PBXBuildFile; fileRef = FBFB71A52263106E00B01352 /* ViewController.swift */; };
		FBFB71A92263106E00B01352 /* Main.storyboard in Resources */ = {isa = PBXBuildFile; fileRef = FBFB71A72263106E00B01352 /* Main.storyboard */; };
		FBFB71AC2263106E00B01352 /* DreamJornal.xcdatamodeld in Sources */ = {isa = PBXBuildFile; fileRef = FBFB71AA2263106E00B01352 /* DreamJornal.xcdatamodeld */; };
		FBFB71AE2263109E00B01352 /* Assets.xcassets in Resources */ = {isa = PBXBuildFile; fileRef = FBFB71AD2263109E00B01352 /* Assets.xcassets */; };
		FBFB71B12263109E00B01352 /* LaunchScreen.storyboard in Resources */ = {isa = PBXBuildFile; fileRef = FBFB71AF2263109E00B01352 /* LaunchScreen.storyboard */; };
		FBFB71BC226310A200B01352 /* DreamJornalTests.swift in Sources */ = {isa = PBXBuildFile; fileRef = FBFB71BB226310A200B01352 /* DreamJornalTests.swift */; };
		FBFB71C7226310A200B01352 /* DreamJornalUITests.swift in Sources */ = {isa = PBXBuildFile; fileRef = FBFB71C6226310A200B01352 /* DreamJornalUITests.swift */; };
		FBFB71D522631CF500B01352 /* DreamTableViewCell.swift in Sources */ = {isa = PBXBuildFile; fileRef = FBFB71D422631CF500B01352 /* DreamTableViewCell.swift */; };
		FBFB71D722631D6000B01352 /* EditDreamViewController.swift in Sources */ = {isa = PBXBuildFile; fileRef = FBFB71D622631D6000B01352 /* EditDreamViewController.swift */; };
/* End PBXBuildFile section */

/* Begin PBXContainerItemProxy section */
		FBFB71B8226310A200B01352 /* PBXContainerItemProxy */ = {
			isa = PBXContainerItemProxy;
			containerPortal = FBFB71982263106C00B01352 /* Project object */;
			proxyType = 1;
			remoteGlobalIDString = FBFB719F2263106D00B01352;
			remoteInfo = DreamJornal;
		};
		FBFB71C3226310A200B01352 /* PBXContainerItemProxy */ = {
			isa = PBXContainerItemProxy;
			containerPortal = FBFB71982263106C00B01352 /* Project object */;
			proxyType = 1;
			remoteGlobalIDString = FBFB719F2263106D00B01352;
			remoteInfo = DreamJornal;
		};
/* End PBXContainerItemProxy section */

/* Begin PBXFileReference section */
		FBE11DCA22639DF700645462 /* MapDreamViewController.swift */ = {isa = PBXFileReference; lastKnownFileType = sourcecode.swift; path = MapDreamViewController.swift; sourceTree = "<group>"; };
		FBE11DCD2263A96D00645462 /* CoreLocation.framework */ = {isa = PBXFileReference; lastKnownFileType = wrapper.framework; name = CoreLocation.framework; path = System/Library/Frameworks/CoreLocation.framework; sourceTree = SDKROOT; };
		FBFB71A02263106D00B01352 /* DreamJornal.app */ = {isa = PBXFileReference; explicitFileType = wrapper.application; includeInIndex = 0; path = DreamJornal.app; sourceTree = BUILT_PRODUCTS_DIR; };
		FBFB71A32263106E00B01352 /* AppDelegate.swift */ = {isa = PBXFileReference; lastKnownFileType = sourcecode.swift; path = AppDelegate.swift; sourceTree = "<group>"; };
		FBFB71A52263106E00B01352 /* ViewController.swift */ = {isa = PBXFileReference; lastKnownFileType = sourcecode.swift; path = ViewController.swift; sourceTree = "<group>"; };
		FBFB71A82263106E00B01352 /* Base */ = {isa = PBXFileReference; lastKnownFileType = file.storyboard; name = Base; path = Base.lproj/Main.storyboard; sourceTree = "<group>"; };
		FBFB71AB2263106E00B01352 /* DreamJornal.xcdatamodel */ = {isa = PBXFileReference; lastKnownFileType = wrapper.xcdatamodel; path = DreamJornal.xcdatamodel; sourceTree = "<group>"; };
		FBFB71AD2263109E00B01352 /* Assets.xcassets */ = {isa = PBXFileReference; lastKnownFileType = folder.assetcatalog; path = Assets.xcassets; sourceTree = "<group>"; };
		FBFB71B02263109E00B01352 /* Base */ = {isa = PBXFileReference; lastKnownFileType = file.storyboard; name = Base; path = Base.lproj/LaunchScreen.storyboard; sourceTree = "<group>"; };
		FBFB71B22263109E00B01352 /* Info.plist */ = {isa = PBXFileReference; lastKnownFileType = text.plist.xml; path = Info.plist; sourceTree = "<group>"; };
		FBFB71B7226310A200B01352 /* DreamJornalTests.xctest */ = {isa = PBXFileReference; explicitFileType = wrapper.cfbundle; includeInIndex = 0; path = DreamJornalTests.xctest; sourceTree = BUILT_PRODUCTS_DIR; };
		FBFB71BB226310A200B01352 /* DreamJornalTests.swift */ = {isa = PBXFileReference; lastKnownFileType = sourcecode.swift; path = DreamJornalTests.swift; sourceTree = "<group>"; };
		FBFB71BD226310A200B01352 /* Info.plist */ = {isa = PBXFileReference; lastKnownFileType = text.plist.xml; path = Info.plist; sourceTree = "<group>"; };
		FBFB71C2226310A200B01352 /* DreamJornalUITests.xctest */ = {isa = PBXFileReference; explicitFileType = wrapper.cfbundle; includeInIndex = 0; path = DreamJornalUITests.xctest; sourceTree = BUILT_PRODUCTS_DIR; };
		FBFB71C6226310A200B01352 /* DreamJornalUITests.swift */ = {isa = PBXFileReference; lastKnownFileType = sourcecode.swift; path = DreamJornalUITests.swift; sourceTree = "<group>"; };
		FBFB71C8226310A200B01352 /* Info.plist */ = {isa = PBXFileReference; lastKnownFileType = text.plist.xml; path = Info.plist; sourceTree = "<group>"; };
		FBFB71D422631CF500B01352 /* DreamTableViewCell.swift */ = {isa = PBXFileReference; lastKnownFileType = sourcecode.swift; path = DreamTableViewCell.swift; sourceTree = "<group>"; };
		FBFB71D622631D6000B01352 /* EditDreamViewController.swift */ = {isa = PBXFileReference; lastKnownFileType = sourcecode.swift; path = EditDreamViewController.swift; sourceTree = "<group>"; wrapsLines = 0; };
/* End PBXFileReference section */

/* Begin PBXFrameworksBuildPhase section */
		FBFB719D2263106D00B01352 /* Frameworks */ = {
			isa = PBXFrameworksBuildPhase;
			buildActionMask = 2147483647;
			files = (
				FBE11DCE2263A96D00645462 /* CoreLocation.framework in Frameworks */,
			);
			runOnlyForDeploymentPostprocessing = 0;
		};
		FBFB71B4226310A200B01352 /* Frameworks */ = {
			isa = PBXFrameworksBuildPhase;
			buildActionMask = 2147483647;
			files = (
			);
			runOnlyForDeploymentPostprocessing = 0;
		};
		FBFB71BF226310A200B01352 /* Frameworks */ = {
			isa = PBXFrameworksBuildPhase;
			buildActionMask = 2147483647;
			files = (
			);
			runOnlyForDeploymentPostprocessing = 0;
		};
/* End PBXFrameworksBuildPhase section */

/* Begin PBXGroup section */
		FBE11DCC2263A96C00645462 /* Frameworks */ = {
			isa = PBXGroup;
			children = (
				FBE11DCD2263A96D00645462 /* CoreLocation.framework */,
			);
			name = Frameworks;
			sourceTree = "<group>";
		};
		FBFB71972263106C00B01352 = {
			isa = PBXGroup;
			children = (
				FBFB71A22263106D00B01352 /* DreamJornal */,
				FBFB71BA226310A200B01352 /* DreamJornalTests */,
				FBFB71C5226310A200B01352 /* DreamJornalUITests */,
				FBFB71A12263106D00B01352 /* Products */,
				FBE11DCC2263A96C00645462 /* Frameworks */,
			);
			sourceTree = "<group>";
		};
		FBFB71A12263106D00B01352 /* Products */ = {
			isa = PBXGroup;
			children = (
				FBFB71A02263106D00B01352 /* DreamJornal.app */,
				FBFB71B7226310A200B01352 /* DreamJornalTests.xctest */,
				FBFB71C2226310A200B01352 /* DreamJornalUITests.xctest */,
			);
			name = Products;
			sourceTree = "<group>";
		};
		FBFB71A22263106D00B01352 /* DreamJornal */ = {
			isa = PBXGroup;
			children = (
				FBFB71A32263106E00B01352 /* AppDelegate.swift */,
				FBFB71A52263106E00B01352 /* ViewController.swift */,
				FBE11DCA22639DF700645462 /* MapDreamViewController.swift */,
				FBFB71D622631D6000B01352 /* EditDreamViewController.swift */,
				FBFB71AD2263109E00B01352 /* Assets.xcassets */,
				FBFB71A72263106E00B01352 /* Main.storyboard */,
				FBFB71AF2263109E00B01352 /* LaunchScreen.storyboard */,
				FBFB71B22263109E00B01352 /* Info.plist */,
				FBFB71AA2263106E00B01352 /* DreamJornal.xcdatamodeld */,
				FBFB71D422631CF500B01352 /* DreamTableViewCell.swift */,
			);
			path = DreamJornal;
			sourceTree = "<group>";
		};
		FBFB71BA226310A200B01352 /* DreamJornalTests */ = {
			isa = PBXGroup;
			children = (
				FBFB71BB226310A200B01352 /* DreamJornalTests.swift */,
				FBFB71BD226310A200B01352 /* Info.plist */,
			);
			path = DreamJornalTests;
			sourceTree = "<group>";
		};
		FBFB71C5226310A200B01352 /* DreamJornalUITests */ = {
			isa = PBXGroup;
			children = (
				FBFB71C6226310A200B01352 /* DreamJornalUITests.swift */,
				FBFB71C8226310A200B01352 /* Info.plist */,
			);
			path = DreamJornalUITests;
			sourceTree = "<group>";
		};
/* End PBXGroup section */

/* Begin PBXNativeTarget section */
		FBFB719F2263106D00B01352 /* DreamJornal */ = {
			isa = PBXNativeTarget;
			buildConfigurationList = FBFB71CB226310A200B01352 /* Build configuration list for PBXNativeTarget "DreamJornal" */;
			buildPhases = (
				FBFB719C2263106D00B01352 /* Sources */,
				FBFB719D2263106D00B01352 /* Frameworks */,
				FBFB719E2263106D00B01352 /* Resources */,
			);
			buildRules = (
			);
			dependencies = (
			);
			name = DreamJornal;
			productName = DreamJornal;
			productReference = FBFB71A02263106D00B01352 /* DreamJornal.app */;
			productType = "com.apple.product-type.application";
		};
		FBFB71B6226310A200B01352 /* DreamJornalTests */ = {
			isa = PBXNativeTarget;
			buildConfigurationList = FBFB71CE226310A200B01352 /* Build configuration list for PBXNativeTarget "DreamJornalTests" */;
			buildPhases = (
				FBFB71B3226310A200B01352 /* Sources */,
				FBFB71B4226310A200B01352 /* Frameworks */,
				FBFB71B5226310A200B01352 /* Resources */,
			);
			buildRules = (
			);
			dependencies = (
				FBFB71B9226310A200B01352 /* PBXTargetDependency */,
			);
			name = DreamJornalTests;
			productName = DreamJornalTests;
			productReference = FBFB71B7226310A200B01352 /* DreamJornalTests.xctest */;
			productType = "com.apple.product-type.bundle.unit-test";
		};
		FBFB71C1226310A200B01352 /* DreamJornalUITests */ = {
			isa = PBXNativeTarget;
			buildConfigurationList = FBFB71D1226310A200B01352 /* Build configuration list for PBXNativeTarget "DreamJornalUITests" */;
			buildPhases = (
				FBFB71BE226310A200B01352 /* Sources */,
				FBFB71BF226310A200B01352 /* Frameworks */,
				FBFB71C0226310A200B01352 /* Resources */,
			);
			buildRules = (
			);
			dependencies = (
				FBFB71C4226310A200B01352 /* PBXTargetDependency */,
			);
			name = DreamJornalUITests;
			productName = DreamJornalUITests;
			productReference = FBFB71C2226310A200B01352 /* DreamJornalUITests.xctest */;
			productType = "com.apple.product-type.bundle.ui-testing";
		};
/* End PBXNativeTarget section */

/* Begin PBXProject section */
		FBFB71982263106C00B01352 /* Project object */ = {
			isa = PBXProject;
			attributes = {
				LastSwiftUpdateCheck = 1020;
				LastUpgradeCheck = 1020;
				ORGANIZATIONNAME = "Adriana Pedroza Larsson";
				TargetAttributes = {
					FBFB719F2263106D00B01352 = {
						CreatedOnToolsVersion = 10.2;
					};
					FBFB71B6226310A200B01352 = {
						CreatedOnToolsVersion = 10.2;
						TestTargetID = FBFB719F2263106D00B01352;
					};
					FBFB71C1226310A200B01352 = {
						CreatedOnToolsVersion = 10.2;
						TestTargetID = FBFB719F2263106D00B01352;
					};
				};
			};
			buildConfigurationList = FBFB719B2263106C00B01352 /* Build configuration list for PBXProject "DreamJornal" */;
			compatibilityVersion = "Xcode 9.3";
			developmentRegion = en;
			hasScannedForEncodings = 0;
			knownRegions = (
				en,
				Base,
			);
			mainGroup = FBFB71972263106C00B01352;
			productRefGroup = FBFB71A12263106D00B01352 /* Products */;
			projectDirPath = "";
			projectRoot = "";
			targets = (
				FBFB719F2263106D00B01352 /* DreamJornal */,
				FBFB71B6226310A200B01352 /* DreamJornalTests */,
				FBFB71C1226310A200B01352 /* DreamJornalUITests */,
			);
		};
/* End PBXProject section */

/* Begin PBXResourcesBuildPhase section */
		FBFB719E2263106D00B01352 /* Resources */ = {
			isa = PBXResourcesBuildPhase;
			buildActionMask = 2147483647;
			files = (
				FBFB71B12263109E00B01352 /* LaunchScreen.storyboard in Resources */,
				FBFB71AE2263109E00B01352 /* Assets.xcassets in Resources */,
				FBFB71A92263106E00B01352 /* Main.storyboard in Resources */,
			);
			runOnlyForDeploymentPostprocessing = 0;
		};
		FBFB71B5226310A200B01352 /* Resources */ = {
			isa = PBXResourcesBuildPhase;
			buildActionMask = 2147483647;
			files = (
			);
			runOnlyForDeploymentPostprocessing = 0;
		};
		FBFB71C0226310A200B01352 /* Resources */ = {
			isa = PBXResourcesBuildPhase;
			buildActionMask = 2147483647;
			files = (
			);
			runOnlyForDeploymentPostprocessing = 0;
		};
/* End PBXResourcesBuildPhase section */

/* Begin PBXSourcesBuildPhase section */
		FBFB719C2263106D00B01352 /* Sources */ = {
			isa = PBXSourcesBuildPhase;
			buildActionMask = 2147483647;
			files = (
				FBFB71A62263106E00B01352 /* ViewController.swift in Sources */,
				FBFB71A42263106E00B01352 /* AppDelegate.swift in Sources */,
				FBFB71D722631D6000B01352 /* EditDreamViewController.swift in Sources */,
				FBFB71AC2263106E00B01352 /* DreamJornal.xcdatamodeld in Sources */,
				FBFB71D522631CF500B01352 /* DreamTableViewCell.swift in Sources */,
				FBE11DCB22639DF700645462 /* MapDreamViewController.swift in Sources */,
			);
			runOnlyForDeploymentPostprocessing = 0;
		};
		FBFB71B3226310A200B01352 /* Sources */ = {
			isa = PBXSourcesBuildPhase;
			buildActionMask = 2147483647;
			files = (
				FBFB71BC226310A200B01352 /* DreamJornalTests.swift in Sources */,
			);
			runOnlyForDeploymentPostprocessing = 0;
		};
		FBFB71BE226310A200B01352 /* Sources */ = {
			isa = PBXSourcesBuildPhase;
			buildActionMask = 2147483647;
			files = (
				FBFB71C7226310A200B01352 /* DreamJornalUITests.swift in Sources */,
			);
			runOnlyForDeploymentPostprocessing = 0;
		};
/* End PBXSourcesBuildPhase section */

/* Begin PBXTargetDependency section */
		FBFB71B9226310A200B01352 /* PBXTargetDependency */ = {
			isa = PBXTargetDependency;
			target = FBFB719F2263106D00B01352 /* DreamJornal */;
			targetProxy = FBFB71B8226310A200B01352 /* PBXContainerItemProxy */;
		};
		FBFB71C4226310A200B01352 /* PBXTargetDependency */ = {
			isa = PBXTargetDependency;
			target = FBFB719F2263106D00B01352 /* DreamJornal */;
			targetProxy = FBFB71C3226310A200B01352 /* PBXContainerItemProxy */;
		};
/* End PBXTargetDependency section */

/* Begin PBXVariantGroup section */
		FBFB71A72263106E00B01352 /* Main.storyboard */ = {
			isa = PBXVariantGroup;
			children = (
				FBFB71A82263106E00B01352 /* Base */,
			);
			name = Main.storyboard;
			sourceTree = "<group>";
		};
		FBFB71AF2263109E00B01352 /* LaunchScreen.storyboard */ = {
			isa = PBXVariantGroup;
			children = (
				FBFB71B02263109E00B01352 /* Base */,
			);
			name = LaunchScreen.storyboard;
			sourceTree = "<group>";
		};
/* End PBXVariantGroup section */

/* Begin XCBuildConfiguration section */
		FBFB71C9226310A200B01352 /* Debug */ = {
			isa = XCBuildConfiguration;
			buildSettings = {
				ALWAYS_SEARCH_USER_PATHS = NO;
				CLANG_ANALYZER_NONNULL = YES;
				CLANG_ANALYZER_NUMBER_OBJECT_CONVERSION = YES_AGGRESSIVE;
				CLANG_CXX_LANGUAGE_STANDARD = "gnu++14";
				CLANG_CXX_LIBRARY = "libc++";
				CLANG_ENABLE_MODULES = YES;
				CLANG_ENABLE_OBJC_ARC = YES;
				CLANG_ENABLE_OBJC_WEAK = YES;
				CLANG_WARN_BLOCK_CAPTURE_AUTORELEASING = YES;
				CLANG_WARN_BOOL_CONVERSION = YES;
				CLANG_WARN_COMMA = YES;
				CLANG_WARN_CONSTANT_CONVERSION = YES;
				CLANG_WARN_DEPRECATED_OBJC_IMPLEMENTATIONS = YES;
				CLANG_WARN_DIRECT_OBJC_ISA_USAGE = YES_ERROR;
				CLANG_WARN_DOCUMENTATION_COMMENTS = YES;
				CLANG_WARN_EMPTY_BODY = YES;
				CLANG_WARN_ENUM_CONVERSION = YES;
				CLANG_WARN_INFINITE_RECURSION = YES;
				CLANG_WARN_INT_CONVERSION = YES;
				CLANG_WARN_NON_LITERAL_NULL_CONVERSION = YES;
				CLANG_WARN_OBJC_IMPLICIT_RETAIN_SELF = YES;
				CLANG_WARN_OBJC_LITERAL_CONVERSION = YES;
				CLANG_WARN_OBJC_ROOT_CLASS = YES_ERROR;
				CLANG_WARN_RANGE_LOOP_ANALYSIS = YES;
				CLANG_WARN_STRICT_PROTOTYPES = YES;
				CLANG_WARN_SUSPICIOUS_MOVE = YES;
				CLANG_WARN_UNGUARDED_AVAILABILITY = YES_AGGRESSIVE;
				CLANG_WARN_UNREACHABLE_CODE = YES;
				CLANG_WARN__DUPLICATE_METHOD_MATCH = YES;
				CODE_SIGN_IDENTITY = "iPhone Developer";
				COPY_PHASE_STRIP = NO;
				DEBUG_INFORMATION_FORMAT = dwarf;
				ENABLE_STRICT_OBJC_MSGSEND = YES;
				ENABLE_TESTABILITY = YES;
				GCC_C_LANGUAGE_STANDARD = gnu11;
				GCC_DYNAMIC_NO_PIC = NO;
				GCC_NO_COMMON_BLOCKS = YES;
				GCC_OPTIMIZATION_LEVEL = 0;
				GCC_PREPROCESSOR_DEFINITIONS = (
					"DEBUG=1",
					"$(inherited)",
				);
				GCC_WARN_64_TO_32_BIT_CONVERSION = YES;
				GCC_WARN_ABOUT_RETURN_TYPE = YES_ERROR;
				GCC_WARN_UNDECLARED_SELECTOR = YES;
				GCC_WARN_UNINITIALIZED_AUTOS = YES_AGGRESSIVE;
				GCC_WARN_UNUSED_FUNCTION = YES;
				GCC_WARN_UNUSED_VARIABLE = YES;
				IPHONEOS_DEPLOYMENT_TARGET = 12.2;
				MTL_ENABLE_DEBUG_INFO = INCLUDE_SOURCE;
				MTL_FAST_MATH = YES;
				ONLY_ACTIVE_ARCH = YES;
				SDKROOT = iphoneos;
				SWIFT_ACTIVE_COMPILATION_CONDITIONS = DEBUG;
				SWIFT_OPTIMIZATION_LEVEL = "-Onone";
			};
			name = Debug;
		};
		FBFB71CA226310A200B01352 /* Release */ = {
			isa = XCBuildConfiguration;
			buildSettings = {
				ALWAYS_SEARCH_USER_PATHS = NO;
				CLANG_ANALYZER_NONNULL = YES;
				CLANG_ANALYZER_NUMBER_OBJECT_CONVERSION = YES_AGGRESSIVE;
				CLANG_CXX_LANGUAGE_STANDARD = "gnu++14";
				CLANG_CXX_LIBRARY = "libc++";
				CLANG_ENABLE_MODULES = YES;
				CLANG_ENABLE_OBJC_ARC = YES;
				CLANG_ENABLE_OBJC_WEAK = YES;
				CLANG_WARN_BLOCK_CAPTURE_AUTORELEASING = YES;
				CLANG_WARN_BOOL_CONVERSION = YES;
				CLANG_WARN_COMMA = YES;
				CLANG_WARN_CONSTANT_CONVERSION = YES;
				CLANG_WARN_DEPRECATED_OBJC_IMPLEMENTATIONS = YES;
				CLANG_WARN_DIRECT_OBJC_ISA_USAGE = YES_ERROR;
				CLANG_WARN_DOCUMENTATION_COMMENTS = YES;
				CLANG_WARN_EMPTY_BODY = YES;
				CLANG_WARN_ENUM_CONVERSION = YES;
				CLANG_WARN_INFINITE_RECURSION = YES;
				CLANG_WARN_INT_CONVERSION = YES;
				CLANG_WARN_NON_LITERAL_NULL_CONVERSION = YES;
				CLANG_WARN_OBJC_IMPLICIT_RETAIN_SELF = YES;
				CLANG_WARN_OBJC_LITERAL_CONVERSION = YES;
				CLANG_WARN_OBJC_ROOT_CLASS = YES_ERROR;
				CLANG_WARN_RANGE_LOOP_ANALYSIS = YES;
				CLANG_WARN_STRICT_PROTOTYPES = YES;
				CLANG_WARN_SUSPICIOUS_MOVE = YES;
				CLANG_WARN_UNGUARDED_AVAILABILITY = YES_AGGRESSIVE;
				CLANG_WARN_UNREACHABLE_CODE = YES;
				CLANG_WARN__DUPLICATE_METHOD_MATCH = YES;
				CODE_SIGN_IDENTITY = "iPhone Developer";
				COPY_PHASE_STRIP = NO;
				DEBUG_INFORMATION_FORMAT = "dwarf-with-dsym";
				ENABLE_NS_ASSERTIONS = NO;
				ENABLE_STRICT_OBJC_MSGSEND = YES;
				GCC_C_LANGUAGE_STANDARD = gnu11;
				GCC_NO_COMMON_BLOCKS = YES;
				GCC_WARN_64_TO_32_BIT_CONVERSION = YES;
				GCC_WARN_ABOUT_RETURN_TYPE = YES_ERROR;
				GCC_WARN_UNDECLARED_SELECTOR = YES;
				GCC_WARN_UNINITIALIZED_AUTOS = YES_AGGRESSIVE;
				GCC_WARN_UNUSED_FUNCTION = YES;
				GCC_WARN_UNUSED_VARIABLE = YES;
				IPHONEOS_DEPLOYMENT_TARGET = 12.2;
				MTL_ENABLE_DEBUG_INFO = NO;
				MTL_FAST_MATH = YES;
				SDKROOT = iphoneos;
				SWIFT_COMPILATION_MODE = wholemodule;
				SWIFT_OPTIMIZATION_LEVEL = "-O";
				VALIDATE_PRODUCT = YES;
			};
			name = Release;
		};
		FBFB71CC226310A200B01352 /* Debug */ = {
			isa = XCBuildConfiguration;
			buildSettings = {
				ASSETCATALOG_COMPILER_APPICON_NAME = AppIcon;
				CODE_SIGN_STYLE = Automatic;
				DEVELOPMENT_TEAM = 5F9DKA4YJS;
				INFOPLIST_FILE = DreamJornal/Info.plist;
				LD_RUNPATH_SEARCH_PATHS = (
					"$(inherited)",
					"@executable_path/Frameworks",
				);
				PRODUCT_BUNDLE_IDENTIFIER = se.larssonadriana.DreamJornal;
				PRODUCT_NAME = "$(TARGET_NAME)";
				SWIFT_VERSION = 5.0;
				TARGETED_DEVICE_FAMILY = 1;
			};
			name = Debug;
		};
		FBFB71CD226310A200B01352 /* Release */ = {
			isa = XCBuildConfiguration;
			buildSettings = {
				ASSETCATALOG_COMPILER_APPICON_NAME = AppIcon;
				CODE_SIGN_STYLE = Automatic;
				DEVELOPMENT_TEAM = 5F9DKA4YJS;
				INFOPLIST_FILE = DreamJornal/Info.plist;
				LD_RUNPATH_SEARCH_PATHS = (
					"$(inherited)",
					"@executable_path/Frameworks",
				);
				PRODUCT_BUNDLE_IDENTIFIER = se.larssonadriana.DreamJornal;
				PRODUCT_NAME = "$(TARGET_NAME)";
				SWIFT_VERSION = 5.0;
				TARGETED_DEVICE_FAMILY = 1;
			};
			name = Release;
		};
		FBFB71CF226310A200B01352 /* Debug */ = {
			isa = XCBuildConfiguration;
			buildSettings = {
				ALWAYS_EMBED_SWIFT_STANDARD_LIBRARIES = YES;
				BUNDLE_LOADER = "$(TEST_HOST)";
				CODE_SIGN_STYLE = Automatic;
				INFOPLIST_FILE = DreamJornalTests/Info.plist;
				LD_RUNPATH_SEARCH_PATHS = (
					"$(inherited)",
					"@executable_path/Frameworks",
					"@loader_path/Frameworks",
				);
				PRODUCT_BUNDLE_IDENTIFIER = se.larssonadriana.DreamJornalTests;
				PRODUCT_NAME = "$(TARGET_NAME)";
				SWIFT_VERSION = 5.0;
				TARGETED_DEVICE_FAMILY = "1,2";
				TEST_HOST = "$(BUILT_PRODUCTS_DIR)/DreamJornal.app/DreamJornal";
			};
			name = Debug;
		};
		FBFB71D0226310A200B01352 /* Release */ = {
			isa = XCBuildConfiguration;
			buildSettings = {
				ALWAYS_EMBED_SWIFT_STANDARD_LIBRARIES = YES;
				BUNDLE_LOADER = "$(TEST_HOST)";
				CODE_SIGN_STYLE = Automatic;
				INFOPLIST_FILE = DreamJornalTests/Info.plist;
				LD_RUNPATH_SEARCH_PATHS = (
					"$(inherited)",
					"@executable_path/Frameworks",
					"@loader_path/Frameworks",
				);
				PRODUCT_BUNDLE_IDENTIFIER = se.larssonadriana.DreamJornalTests;
				PRODUCT_NAME = "$(TARGET_NAME)";
				SWIFT_VERSION = 5.0;
				TARGETED_DEVICE_FAMILY = "1,2";
				TEST_HOST = "$(BUILT_PRODUCTS_DIR)/DreamJornal.app/DreamJornal";
			};
			name = Release;
		};
		FBFB71D2226310A200B01352 /* Debug */ = {
			isa = XCBuildConfiguration;
			buildSettings = {
				ALWAYS_EMBED_SWIFT_STANDARD_LIBRARIES = YES;
				CODE_SIGN_STYLE = Automatic;
				INFOPLIST_FILE = DreamJornalUITests/Info.plist;
				LD_RUNPATH_SEARCH_PATHS = (
					"$(inherited)",
					"@executable_path/Frameworks",
					"@loader_path/Frameworks",
				);
				PRODUCT_BUNDLE_IDENTIFIER = se.larssonadriana.DreamJornalUITests;
				PRODUCT_NAME = "$(TARGET_NAME)";
				SWIFT_VERSION = 5.0;
				TARGETED_DEVICE_FAMILY = "1,2";
				TEST_TARGET_NAME = DreamJornal;
			};
			name = Debug;
		};
		FBFB71D3226310A200B01352 /* Release */ = {
			isa = XCBuildConfiguration;
			buildSettings = {
				ALWAYS_EMBED_SWIFT_STANDARD_LIBRARIES = YES;
				CODE_SIGN_STYLE = Automatic;
				INFOPLIST_FILE = DreamJornalUITests/Info.plist;
				LD_RUNPATH_SEARCH_PATHS = (
					"$(inherited)",
					"@executable_path/Frameworks",
					"@loader_path/Frameworks",
				);
				PRODUCT_BUNDLE_IDENTIFIER = se.larssonadriana.DreamJornalUITests;
				PRODUCT_NAME = "$(TARGET_NAME)";
				SWIFT_VERSION = 5.0;
				TARGETED_DEVICE_FAMILY = "1,2";
				TEST_TARGET_NAME = DreamJornal;
			};
			name = Release;
		};
/* End XCBuildConfiguration section */

/* Begin XCConfigurationList section */
		FBFB719B2263106C00B01352 /* Build configuration list for PBXProject "DreamJornal" */ = {
			isa = XCConfigurationList;
			buildConfigurations = (
				FBFB71C9226310A200B01352 /* Debug */,
				FBFB71CA226310A200B01352 /* Release */,
			);
			defaultConfigurationIsVisible = 0;
			defaultConfigurationName = Release;
		};
		FBFB71CB226310A200B01352 /* Build configuration list for PBXNativeTarget "DreamJornal" */ = {
			isa = XCConfigurationList;
			buildConfigurations = (
				FBFB71CC226310A200B01352 /* Debug */,
				FBFB71CD226310A200B01352 /* Release */,
			);
			defaultConfigurationIsVisible = 0;
			defaultConfigurationName = Release;
		};
		FBFB71CE226310A200B01352 /* Build configuration list for PBXNativeTarget "DreamJornalTests" */ = {
			isa = XCConfigurationList;
			buildConfigurations = (
				FBFB71CF226310A200B01352 /* Debug */,
				FBFB71D0226310A200B01352 /* Release */,
			);
			defaultConfigurationIsVisible = 0;
			defaultConfigurationName = Release;
		};
		FBFB71D1226310A200B01352 /* Build configuration list for PBXNativeTarget "DreamJornalUITests" */ = {
			isa = XCConfigurationList;
			buildConfigurations = (
				FBFB71D2226310A200B01352 /* Debug */,
				FBFB71D3226310A200B01352 /* Release */,
			);
			defaultConfigurationIsVisible = 0;
			defaultConfigurationName = Release;
		};
/* End XCConfigurationList section */

/* Begin XCVersionGroup section */
		FBFB71AA2263106E00B01352 /* DreamJornal.xcdatamodeld */ = {
			isa = XCVersionGroup;
			children = (
				FBFB71AB2263106E00B01352 /* DreamJornal.xcdatamodel */,
			);
			currentVersion = FBFB71AB2263106E00B01352 /* DreamJornal.xcdatamodel */;
			path = DreamJornal.xcdatamodeld;
			sourceTree = "<group>";
			versionGroupType = wrapper.xcdatamodel;
		};
/* End XCVersionGroup section */
	};
	rootObject = FBFB71982263106C00B01352 /* Project object */;
}
